
Microsoft Visual Studio Solution File, Format Version 12.00
# Visual Studio 14
VisualStudioVersion = 14.0.25123.0
MinimumVisualStudioVersion = 10.0.40219.1
Project("{2150E333-8FDC-42A3-9474-1A3956D46DE8}") = "src", "src", "{DCF6E267-CFED-464D-A438-F80CD90FDA6E}"
EndProject
Project("{2150E333-8FDC-42A3-9474-1A3956D46DE8}") = "Solution Items", "Solution Items", "{6BF19DB3-48D6-4BBE-B1C7-2FE5FE79A311}"
	ProjectSection(SolutionItems) = preProject
		global.json = global.json
	EndProjectSection
EndProject
Project("{8BB2217D-0F2D-49D1-97BC-3654ED321F3B}") = "MvcControlsToolkit.Core.Business", "src\MvcControlsToolkit.Core.Business\MvcControlsToolkit.Core.Business.xproj", "{23625DE7-BBA3-4A13-AC52-9D4F79545D8D}"
EndProject
Project("{8BB2217D-0F2D-49D1-97BC-3654ED321F3B}") = "MvcControlsToolkit.Core.Options", "src\MvcControlsToolkit.Core.Options\MvcControlsToolkit.Core.Options.xproj", "{F5F1C16E-9461-4252-99DE-0066B2E49066}"
EndProject
Project("{8BB2217D-0F2D-49D1-97BC-3654ED321F3B}") = "MvcControlsToolkit.Core", "src\MvcControlsToolkit.Core\MvcControlsToolkit.Core.xproj", "{C85A378C-E9D6-49D2-8BB1-9B5FA7B9A5F7}"
EndProject
Project("{8BB2217D-0F2D-49D1-97BC-3654ED321F3B}") = "WebTestCore", "src\WebTestCore\WebTestCore.xproj", "{00D529FF-E060-4A53-AEA5-56870D7F3A17}"
EndProject
Project("{8BB2217D-0F2D-49D1-97BC-3654ED321F3B}") = "WebTestFramework", "src\WebTestFramework\WebTestFramework.xproj", "{6E31BB91-F121-453E-B353-220A91394770}"
EndProject
Global
	GlobalSection(SolutionConfigurationPlatforms) = preSolution
		Debug|Any CPU = Debug|Any CPU
		Release|Any CPU = Release|Any CPU
	EndGlobalSection
	GlobalSection(ProjectConfigurationPlatforms) = postSolution
		{23625DE7-BBA3-4A13-AC52-9D4F79545D8D}.Debug|Any CPU.ActiveCfg = Debug|Any CPU
		{23625DE7-BBA3-4A13-AC52-9D4F79545D8D}.Debug|Any CPU.Build.0 = Debug|Any CPU
		{23625DE7-BBA3-4A13-AC52-9D4F79545D8D}.Release|Any CPU.ActiveCfg = Release|Any CPU
		{23625DE7-BBA3-4A13-AC52-9D4F79545D8D}.Release|Any CPU.Build.0 = Release|Any CPU
		{F5F1C16E-9461-4252-99DE-0066B2E49066}.Debug|Any CPU.ActiveCfg = Debug|Any CPU
		{F5F1C16E-9461-4252-99DE-0066B2E49066}.Debug|Any CPU.Build.0 = Debug|Any CPU
		{F5F1C16E-9461-4252-99DE-0066B2E49066}.Release|Any CPU.ActiveCfg = Release|Any CPU
		{F5F1C16E-9461-4252-99DE-0066B2E49066}.Release|Any CPU.Build.0 = Release|Any CPU
		{C85A378C-E9D6-49D2-8BB1-9B5FA7B9A5F7}.Debug|Any CPU.ActiveCfg = Debug|Any CPU
		{C85A378C-E9D6-49D2-8BB1-9B5FA7B9A5F7}.Debug|Any CPU.Build.0 = Debug|Any CPU
		{C85A378C-E9D6-49D2-8BB1-9B5FA7B9A5F7}.Release|Any CPU.ActiveCfg = Release|Any CPU
		{C85A378C-E9D6-49D2-8BB1-9B5FA7B9A5F7}.Release|Any CPU.Build.0 = Release|Any CPU
		{00D529FF-E060-4A53-AEA5-56870D7F3A17}.Debug|Any CPU.ActiveCfg = Debug|Any CPU
		{00D529FF-E060-4A53-AEA5-56870D7F3A17}.Debug|Any CPU.Build.0 = Debug|Any CPU
		{00D529FF-E060-4A53-AEA5-56870D7F3A17}.Release|Any CPU.ActiveCfg = Release|Any CPU
		{00D529FF-E060-4A53-AEA5-56870D7F3A17}.Release|Any CPU.Build.0 = Release|Any CPU
		{6E31BB91-F121-453E-B353-220A91394770}.Debug|Any CPU.ActiveCfg = Debug|Any CPU
		{6E31BB91-F121-453E-B353-220A91394770}.Debug|Any CPU.Build.0 = Debug|Any CPU
		{6E31BB91-F121-453E-B353-220A91394770}.Release|Any CPU.ActiveCfg = Release|Any CPU
		{6E31BB91-F121-453E-B353-220A91394770}.Release|Any CPU.Build.0 = Release|Any CPU
	EndGlobalSection
	GlobalSection(SolutionProperties) = preSolution
		HideSolutionNode = FALSE
	EndGlobalSection
	GlobalSection(NestedProjects) = preSolution
		{23625DE7-BBA3-4A13-AC52-9D4F79545D8D} = {DCF6E267-CFED-464D-A438-F80CD90FDA6E}
		{F5F1C16E-9461-4252-99DE-0066B2E49066} = {DCF6E267-CFED-464D-A438-F80CD90FDA6E}
		{C85A378C-E9D6-49D2-8BB1-9B5FA7B9A5F7} = {DCF6E267-CFED-464D-A438-F80CD90FDA6E}
		{00D529FF-E060-4A53-AEA5-56870D7F3A17} = {DCF6E267-CFED-464D-A438-F80CD90FDA6E}
		{6E31BB91-F121-453E-B353-220A91394770} = {DCF6E267-CFED-464D-A438-F80CD90FDA6E}
	EndGlobalSection
EndGlobal
